// !$*UTF8*$!
{
	archiveVersion = 1;
	classes = {
	};
	objectVersion = 56;
	objects = {

/* Begin PBXBuildFile section */
		082C515D2A655ADA00B9E7E5 /* ShoppingForm.swift in Sources */ = {isa = PBXBuildFile; fileRef = 082C515C2A655ADA00B9E7E5 /* ShoppingForm.swift */; };
		08767CA62A5572C500F634D3 /* IlmezdiApp.swift in Sources */ = {isa = PBXBuildFile; fileRef = 08767CA52A5572C500F634D3 /* IlmezdiApp.swift */; };
		08767CA82A5572C500F634D3 /* ContentView.swift in Sources */ = {isa = PBXBuildFile; fileRef = 08767CA72A5572C500F634D3 /* ContentView.swift */; };
		08767CAA2A5572C700F634D3 /* Assets.xcassets in Resources */ = {isa = PBXBuildFile; fileRef = 08767CA92A5572C700F634D3 /* Assets.xcassets */; };
		08767CAD2A5572C700F634D3 /* Preview Assets.xcassets in Resources */ = {isa = PBXBuildFile; fileRef = 08767CAC2A5572C700F634D3 /* Preview Assets.xcassets */; };
		08767CB42A5572F700F634D3 /* Ilmezli logo.swift in Sources */ = {isa = PBXBuildFile; fileRef = 08767CB32A5572F700F634D3 /* Ilmezli logo.swift */; };
		08767CB72A55758100F634D3 /* heart toglle.swift in Sources */ = {isa = PBXBuildFile; fileRef = 08767CB62A55758100F634D3 /* heart toglle.swift */; };
		08767CB92A5576FB00F634D3 /* Cart .swift in Sources */ = {isa = PBXBuildFile; fileRef = 08767CB82A5576FB00F634D3 /* Cart .swift */; };
		08767CBB2A557A3E00F634D3 /* SearchBar.swift in Sources */ = {isa = PBXBuildFile; fileRef = 08767CBA2A557A3E00F634D3 /* SearchBar.swift */; };
		08767CBF2A5590E800F634D3 /* Categories_Bar.swift in Sources */ = {isa = PBXBuildFile; fileRef = 08767CBE2A5590E800F634D3 /* Categories_Bar.swift */; };
		08767CC12A55962600F634D3 /* Product View Tab Bar.swift in Sources */ = {isa = PBXBuildFile; fileRef = 08767CC02A55962600F634D3 /* Product View Tab Bar.swift */; };
		08767CC32A55A9D300F634D3 /* Start Screen.swift in Sources */ = {isa = PBXBuildFile; fileRef = 08767CC22A55A9D300F634D3 /* Start Screen.swift */; };
		08767CC52A56B0B000F634D3 /* Home_View.swift in Sources */ = {isa = PBXBuildFile; fileRef = 08767CC42A56B0B000F634D3 /* Home_View.swift */; };
		08767CC72A56B0CF00F634D3 /* Home_ViewModel.swift in Sources */ = {isa = PBXBuildFile; fileRef = 08767CC62A56B0CF00F634D3 /* Home_ViewModel.swift */; };
		08767CCA2A56BEC700F634D3 /* ProductPosts_View.swift in Sources */ = {isa = PBXBuildFile; fileRef = 08767CC92A56BEC700F634D3 /* ProductPosts_View.swift */; };
		08767CCC2A56BEDD00F634D3 /* ProductPosts_ViewModel.swift in Sources */ = {isa = PBXBuildFile; fileRef = 08767CCB2A56BEDD00F634D3 /* ProductPosts_ViewModel.swift */; };
		08767CCF2A56C0F000F634D3 /* structs.swift in Sources */ = {isa = PBXBuildFile; fileRef = 08767CCE2A56C0F000F634D3 /* structs.swift */; };
		08767CD62A57411D00F634D3 /* ProductsGrid.swift in Sources */ = {isa = PBXBuildFile; fileRef = 08767CD52A57411D00F634D3 /* ProductsGrid.swift */; };
		08767CD82A57412D00F634D3 /* ProductsGrid_ViewModel.swift in Sources */ = {isa = PBXBuildFile; fileRef = 08767CD72A57412D00F634D3 /* ProductsGrid_ViewModel.swift */; };
		08775F6A2A6D0F0F005247C9 /* AdressForm.swift in Sources */ = {isa = PBXBuildFile; fileRef = 08775F692A6D0F0F005247C9 /* AdressForm.swift */; };
		0885D8D42A63E50F0029A0FD /* WishView.swift in Sources */ = {isa = PBXBuildFile; fileRef = 0885D8D32A63E50F0029A0FD /* WishView.swift */; };
		08D3CD062A58128900497C16 /* ProductData.swift in Sources */ = {isa = PBXBuildFile; fileRef = 08D3CD052A58128900497C16 /* ProductData.swift */; };
		08D3CD0B2A586E3800497C16 /* ProductFull_ViewModel.swift in Sources */ = {isa = PBXBuildFile; fileRef = 08D3CD0A2A586E3800497C16 /* ProductFull_ViewModel.swift */; };
		08D3CD0E2A586E9500497C16 /* ProductFull_Ui.swift in Sources */ = {isa = PBXBuildFile; fileRef = 08D3CD0D2A586E9500497C16 /* ProductFull_Ui.swift */; };
		08D3CD102A5B0EF400497C16 /* Product_ImageSlider.swift in Sources */ = {isa = PBXBuildFile; fileRef = 08D3CD0F2A5B0EF400497C16 /* Product_ImageSlider.swift */; };
		08D3CD142A5BFCED00497C16 /* CartView.swift in Sources */ = {isa = PBXBuildFile; fileRef = 08D3CD132A5BFCED00497C16 /* CartView.swift */; };
		08D3CD162A5BFD1200497C16 /* Cart_ViewModel.swift in Sources */ = {isa = PBXBuildFile; fileRef = 08D3CD152A5BFD1200497C16 /* Cart_ViewModel.swift */; };
		08F88E3C2A5D70D200BA4C03 /* SettingsView.swift in Sources */ = {isa = PBXBuildFile; fileRef = 08F88E3B2A5D70D100BA4C03 /* SettingsView.swift */; };
		08F88E3F2A5EA18500BA4C03 /* ProductManageView.swift in Sources */ = {isa = PBXBuildFile; fileRef = 08F88E3E2A5EA18500BA4C03 /* ProductManageView.swift */; };
		08F88E412A5EAA2900BA4C03 /* NewProductAddView.swift in Sources */ = {isa = PBXBuildFile; fileRef = 08F88E402A5EAA2900BA4C03 /* NewProductAddView.swift */; };
		08F88E432A5EAA3500BA4C03 /* ProductEditView.swift in Sources */ = {isa = PBXBuildFile; fileRef = 08F88E422A5EAA3500BA4C03 /* ProductEditView.swift */; };
		08F88E452A5ECDF900BA4C03 /* ImagePicker.swift in Sources */ = {isa = PBXBuildFile; fileRef = 08F88E442A5ECDF900BA4C03 /* ImagePicker.swift */; };
		08F94CDD2A615ABB00B36A1C /* WishedProducts.swift in Sources */ = {isa = PBXBuildFile; fileRef = 08F94CDC2A615ABB00B36A1C /* WishedProducts.swift */; };
/* End PBXBuildFile section */

/* Begin PBXFileReference section */
		082C515C2A655ADA00B9E7E5 /* ShoppingForm.swift */ = {isa = PBXFileReference; lastKnownFileType = sourcecode.swift; path = ShoppingForm.swift; sourceTree = "<group>"; };
		08767CA22A5572C500F634D3 /* Ilmezdi.app */ = {isa = PBXFileReference; explicitFileType = wrapper.application; includeInIndex = 0; path = Ilmezdi.app; sourceTree = BUILT_PRODUCTS_DIR; };
		08767CA52A5572C500F634D3 /* IlmezdiApp.swift */ = {isa = PBXFileReference; lastKnownFileType = sourcecode.swift; path = IlmezdiApp.swift; sourceTree = "<group>"; };
		08767CA72A5572C500F634D3 /* ContentView.swift */ = {isa = PBXFileReference; lastKnownFileType = sourcecode.swift; path = ContentView.swift; sourceTree = "<group>"; };
		08767CA92A5572C700F634D3 /* Assets.xcassets */ = {isa = PBXFileReference; lastKnownFileType = folder.assetcatalog; path = Assets.xcassets; sourceTree = "<group>"; };
		08767CAC2A5572C700F634D3 /* Preview Assets.xcassets */ = {isa = PBXFileReference; lastKnownFileType = folder.assetcatalog; path = "Preview Assets.xcassets"; sourceTree = "<group>"; };
		08767CB32A5572F700F634D3 /* Ilmezli logo.swift */ = {isa = PBXFileReference; lastKnownFileType = sourcecode.swift; path = "Ilmezli logo.swift"; sourceTree = "<group>"; };
		08767CB62A55758100F634D3 /* heart toglle.swift */ = {isa = PBXFileReference; lastKnownFileType = sourcecode.swift; path = "heart toglle.swift"; sourceTree = "<group>"; };
		08767CB82A5576FB00F634D3 /* Cart .swift */ = {isa = PBXFileReference; lastKnownFileType = sourcecode.swift; path = "Cart .swift"; sourceTree = "<group>"; };
		08767CBA2A557A3E00F634D3 /* SearchBar.swift */ = {isa = PBXFileReference; lastKnownFileType = sourcecode.swift; path = SearchBar.swift; sourceTree = "<group>"; };
		08767CBE2A5590E800F634D3 /* Categories_Bar.swift */ = {isa = PBXFileReference; lastKnownFileType = sourcecode.swift; path = Categories_Bar.swift; sourceTree = "<group>"; };
		08767CC02A55962600F634D3 /* Product View Tab Bar.swift */ = {isa = PBXFileReference; lastKnownFileType = sourcecode.swift; path = "Product View Tab Bar.swift"; sourceTree = "<group>"; };
		08767CC22A55A9D300F634D3 /* Start Screen.swift */ = {isa = PBXFileReference; lastKnownFileType = sourcecode.swift; path = "Start Screen.swift"; sourceTree = "<group>"; };
		08767CC42A56B0B000F634D3 /* Home_View.swift */ = {isa = PBXFileReference; lastKnownFileType = sourcecode.swift; path = Home_View.swift; sourceTree = "<group>"; };
		08767CC62A56B0CF00F634D3 /* Home_ViewModel.swift */ = {isa = PBXFileReference; lastKnownFileType = sourcecode.swift; path = Home_ViewModel.swift; sourceTree = "<group>"; };
		08767CC92A56BEC700F634D3 /* ProductPosts_View.swift */ = {isa = PBXFileReference; lastKnownFileType = sourcecode.swift; path = ProductPosts_View.swift; sourceTree = "<group>"; };
		08767CCB2A56BEDD00F634D3 /* ProductPosts_ViewModel.swift */ = {isa = PBXFileReference; lastKnownFileType = sourcecode.swift; path = ProductPosts_ViewModel.swift; sourceTree = "<group>"; };
		08767CCE2A56C0F000F634D3 /* structs.swift */ = {isa = PBXFileReference; lastKnownFileType = sourcecode.swift; path = structs.swift; sourceTree = "<group>"; };
		08767CD52A57411D00F634D3 /* ProductsGrid.swift */ = {isa = PBXFileReference; lastKnownFileType = sourcecode.swift; path = ProductsGrid.swift; sourceTree = "<group>"; };
		08767CD72A57412D00F634D3 /* ProductsGrid_ViewModel.swift */ = {isa = PBXFileReference; lastKnownFileType = sourcecode.swift; path = ProductsGrid_ViewModel.swift; sourceTree = "<group>"; };
		08775F692A6D0F0F005247C9 /* AdressForm.swift */ = {isa = PBXFileReference; lastKnownFileType = sourcecode.swift; path = AdressForm.swift; sourceTree = "<group>"; };
		0885D8D32A63E50F0029A0FD /* WishView.swift */ = {isa = PBXFileReference; lastKnownFileType = sourcecode.swift; path = WishView.swift; sourceTree = "<group>"; };
		08895F412A603C67004CC462 /* Ilmezdi.entitlements */ = {isa = PBXFileReference; lastKnownFileType = text.plist.entitlements; path = Ilmezdi.entitlements; sourceTree = "<group>"; };
		08D3CD052A58128900497C16 /* ProductData.swift */ = {isa = PBXFileReference; lastKnownFileType = sourcecode.swift; name = ProductData.swift; path = Ilmezdi/Data/ProductData.swift; sourceTree = SOURCE_ROOT; };
		08D3CD0A2A586E3800497C16 /* ProductFull_ViewModel.swift */ = {isa = PBXFileReference; lastKnownFileType = sourcecode.swift; path = ProductFull_ViewModel.swift; sourceTree = "<group>"; };
		08D3CD0D2A586E9500497C16 /* ProductFull_Ui.swift */ = {isa = PBXFileReference; lastKnownFileType = sourcecode.swift; path = ProductFull_Ui.swift; sourceTree = "<group>"; };
		08D3CD0F2A5B0EF400497C16 /* Product_ImageSlider.swift */ = {isa = PBXFileReference; lastKnownFileType = sourcecode.swift; path = Product_ImageSlider.swift; sourceTree = "<group>"; };
		08D3CD132A5BFCED00497C16 /* CartView.swift */ = {isa = PBXFileReference; lastKnownFileType = sourcecode.swift; path = CartView.swift; sourceTree = "<group>"; };
		08D3CD152A5BFD1200497C16 /* Cart_ViewModel.swift */ = {isa = PBXFileReference; lastKnownFileType = sourcecode.swift; path = Cart_ViewModel.swift; sourceTree = "<group>"; };
		08F88E3B2A5D70D100BA4C03 /* SettingsView.swift */ = {isa = PBXFileReference; lastKnownFileType = sourcecode.swift; path = SettingsView.swift; sourceTree = "<group>"; };
		08F88E3E2A5EA18500BA4C03 /* ProductManageView.swift */ = {isa = PBXFileReference; lastKnownFileType = sourcecode.swift; path = ProductManageView.swift; sourceTree = "<group>"; };
		08F88E402A5EAA2900BA4C03 /* NewProductAddView.swift */ = {isa = PBXFileReference; lastKnownFileType = sourcecode.swift; path = NewProductAddView.swift; sourceTree = "<group>"; };
		08F88E422A5EAA3500BA4C03 /* ProductEditView.swift */ = {isa = PBXFileReference; lastKnownFileType = sourcecode.swift; path = ProductEditView.swift; sourceTree = "<group>"; };
		08F88E442A5ECDF900BA4C03 /* ImagePicker.swift */ = {isa = PBXFileReference; lastKnownFileType = sourcecode.swift; path = ImagePicker.swift; sourceTree = "<group>"; };
		08F94CDC2A615ABB00B36A1C /* WishedProducts.swift */ = {isa = PBXFileReference; lastKnownFileType = sourcecode.swift; path = WishedProducts.swift; sourceTree = "<group>"; };
/* End PBXFileReference section */

/* Begin PBXFrameworksBuildPhase section */
		08767C9F2A5572C500F634D3 /* Frameworks */ = {
			isa = PBXFrameworksBuildPhase;
			buildActionMask = 2147483647;
			files = (
			);
			runOnlyForDeploymentPostprocessing = 0;
		};
/* End PBXFrameworksBuildPhase section */

/* Begin PBXGroup section */
		08767C992A5572C500F634D3 = {
			isa = PBXGroup;
			children = (
				08767CA42A5572C500F634D3 /* Ilmezdi */,
				08767CA32A5572C500F634D3 /* Products */,
			);
			sourceTree = "<group>";
		};
		08767CA32A5572C500F634D3 /* Products */ = {
			isa = PBXGroup;
			children = (
				08767CA22A5572C500F634D3 /* Ilmezdi.app */,
			);
			name = Products;
			sourceTree = "<group>";
		};
		08767CA42A5572C500F634D3 /* Ilmezdi */ = {
			isa = PBXGroup;
			children = (
				08895F412A603C67004CC462 /* Ilmezdi.entitlements */,
				08767CA52A5572C500F634D3 /* IlmezdiApp.swift */,
				08F88E3D2A5EA16400BA4C03 /* Admin */,
				08D3CD112A5B4C2200497C16 /* Main Views */,
				08D3CD072A58129300497C16 /* Data */,
				08767CD42A5740D800F634D3 /* ProductsGridFolder */,
				08D3CD122A5BFCAF00497C16 /* Cart View */,
				08D3CD0C2A586E3F00497C16 /* ProductFull */,
				08767CCD2A56BEE200F634D3 /* PProductPosts */,
				08767CC82A56B0D700F634D3 /* Home */,
				08767CB52A5573D600F634D3 /* features */,
				08767CA92A5572C700F634D3 /* Assets.xcassets */,
				08767CAB2A5572C700F634D3 /* Preview Content */,
			);
			path = Ilmezdi;
			sourceTree = "<group>";
		};
		08767CAB2A5572C700F634D3 /* Preview Content */ = {
			isa = PBXGroup;
			children = (
				08767CAC2A5572C700F634D3 /* Preview Assets.xcassets */,
			);
			path = "Preview Content";
			sourceTree = "<group>";
		};
		08767CB52A5573D600F634D3 /* features */ = {
			isa = PBXGroup;
			children = (
				08767CC02A55962600F634D3 /* Product View Tab Bar.swift */,
				08767CB32A5572F700F634D3 /* Ilmezli logo.swift */,
				08767CB62A55758100F634D3 /* heart toglle.swift */,
				08767CB82A5576FB00F634D3 /* Cart .swift */,
				08767CBA2A557A3E00F634D3 /* SearchBar.swift */,
				08767CBE2A5590E800F634D3 /* Categories_Bar.swift */,
				08F88E442A5ECDF900BA4C03 /* ImagePicker.swift */,
			);
			path = features;
			sourceTree = "<group>";
		};
		08767CC82A56B0D700F634D3 /* Home */ = {
			isa = PBXGroup;
			children = (
				08767CC42A56B0B000F634D3 /* Home_View.swift */,
				08767CC62A56B0CF00F634D3 /* Home_ViewModel.swift */,
			);
			path = Home;
			sourceTree = "<group>";
		};
		08767CCD2A56BEE200F634D3 /* PProductPosts */ = {
			isa = PBXGroup;
			children = (
				08767CC92A56BEC700F634D3 /* ProductPosts_View.swift */,
				08767CCB2A56BEDD00F634D3 /* ProductPosts_ViewModel.swift */,
			);
			path = PProductPosts;
			sourceTree = "<group>";
		};
		08767CD42A5740D800F634D3 /* ProductsGridFolder */ = {
			isa = PBXGroup;
			children = (
				08767CD52A57411D00F634D3 /* ProductsGrid.swift */,
				08767CD72A57412D00F634D3 /* ProductsGrid_ViewModel.swift */,
			);
			path = ProductsGridFolder;
			sourceTree = "<group>";
		};
		08D3CD072A58129300497C16 /* Data */ = {
			isa = PBXGroup;
			children = (
				08D3CD052A58128900497C16 /* ProductData.swift */,
				08767CCE2A56C0F000F634D3 /* structs.swift */,
				08F94CDC2A615ABB00B36A1C /* WishedProducts.swift */,
			);
			path = Data;
			sourceTree = "<group>";
		};
		08D3CD0C2A586E3F00497C16 /* ProductFull */ = {
			isa = PBXGroup;
			children = (
				08D3CD0A2A586E3800497C16 /* ProductFull_ViewModel.swift */,
				08D3CD0D2A586E9500497C16 /* ProductFull_Ui.swift */,
				08D3CD0F2A5B0EF400497C16 /* Product_ImageSlider.swift */,
			);
			path = ProductFull;
			sourceTree = "<group>";
		};
		08D3CD112A5B4C2200497C16 /* Main Views */ = {
			isa = PBXGroup;
			children = (
				08767CA72A5572C500F634D3 /* ContentView.swift */,
				08F88E3B2A5D70D100BA4C03 /* SettingsView.swift */,
				08767CC22A55A9D300F634D3 /* Start Screen.swift */,
				0885D8D32A63E50F0029A0FD /* WishView.swift */,
			);
			path = "Main Views";
			sourceTree = "<group>";
		};
		08D3CD122A5BFCAF00497C16 /* Cart View */ = {
			isa = PBXGroup;
			children = (
				08D3CD132A5BFCED00497C16 /* CartView.swift */,
				08775F692A6D0F0F005247C9 /* AdressForm.swift */,
				08D3CD152A5BFD1200497C16 /* Cart_ViewModel.swift */,
				082C515C2A655ADA00B9E7E5 /* ShoppingForm.swift */,
			);
			path = "Cart View";
			sourceTree = "<group>";
		};
		08F88E3D2A5EA16400BA4C03 /* Admin */ = {
			isa = PBXGroup;
			children = (
				08F88E3E2A5EA18500BA4C03 /* ProductManageView.swift */,
				08F88E402A5EAA2900BA4C03 /* NewProductAddView.swift */,
				08F88E422A5EAA3500BA4C03 /* ProductEditView.swift */,
			);
			path = Admin;
			sourceTree = "<group>";
		};
/* End PBXGroup section */

/* Begin PBXNativeTarget section */
		08767CA12A5572C500F634D3 /* Ilmezdi */ = {
			isa = PBXNativeTarget;
			buildConfigurationList = 08767CB02A5572C700F634D3 /* Build configuration list for PBXNativeTarget "Ilmezdi" */;
			buildPhases = (
				08767C9E2A5572C500F634D3 /* Sources */,
				08767C9F2A5572C500F634D3 /* Frameworks */,
				08767CA02A5572C500F634D3 /* Resources */,
			);
			buildRules = (
			);
			dependencies = (
			);
			name = Ilmezdi;
			productName = Ilmezdi;
			productReference = 08767CA22A5572C500F634D3 /* Ilmezdi.app */;
			productType = "com.apple.product-type.application";
		};
/* End PBXNativeTarget section */

/* Begin PBXProject section */
		08767C9A2A5572C500F634D3 /* Project object */ = {
			isa = PBXProject;
			attributes = {
				BuildIndependentTargetsInParallel = 1;
				LastSwiftUpdateCheck = 1430;
				LastUpgradeCheck = 1430;
				TargetAttributes = {
					08767CA12A5572C500F634D3 = {
						CreatedOnToolsVersion = 14.3.1;
					};
				};
			};
			buildConfigurationList = 08767C9D2A5572C500F634D3 /* Build configuration list for PBXProject "Ilmezdi" */;
			compatibilityVersion = "Xcode 14.0";
			developmentRegion = en;
			hasScannedForEncodings = 0;
			knownRegions = (
				en,
				Base,
			);
			mainGroup = 08767C992A5572C500F634D3;
			productRefGroup = 08767CA32A5572C500F634D3 /* Products */;
			projectDirPath = "";
			projectRoot = "";
			targets = (
				08767CA12A5572C500F634D3 /* Ilmezdi */,
			);
		};
/* End PBXProject section */

/* Begin PBXResourcesBuildPhase section */
		08767CA02A5572C500F634D3 /* Resources */ = {
			isa = PBXResourcesBuildPhase;
			buildActionMask = 2147483647;
			files = (
				08767CAD2A5572C700F634D3 /* Preview Assets.xcassets in Resources */,
				08767CAA2A5572C700F634D3 /* Assets.xcassets in Resources */,
			);
			runOnlyForDeploymentPostprocessing = 0;
		};
/* End PBXResourcesBuildPhase section */

/* Begin PBXSourcesBuildPhase section */
		08767C9E2A5572C500F634D3 /* Sources */ = {
			isa = PBXSourcesBuildPhase;
			buildActionMask = 2147483647;
			files = (
				08D3CD0B2A586E3800497C16 /* ProductFull_ViewModel.swift in Sources */,
				08F88E3C2A5D70D200BA4C03 /* SettingsView.swift in Sources */,
				0885D8D42A63E50F0029A0FD /* WishView.swift in Sources */,
				08767CA82A5572C500F634D3 /* ContentView.swift in Sources */,
				08F94CDD2A615ABB00B36A1C /* WishedProducts.swift in Sources */,
				08F88E452A5ECDF900BA4C03 /* ImagePicker.swift in Sources */,
				08767CBF2A5590E800F634D3 /* Categories_Bar.swift in Sources */,
				082C515D2A655ADA00B9E7E5 /* ShoppingForm.swift in Sources */,
				08767CC72A56B0CF00F634D3 /* Home_ViewModel.swift in Sources */,
				08767CC52A56B0B000F634D3 /* Home_View.swift in Sources */,
				08767CCA2A56BEC700F634D3 /* ProductPosts_View.swift in Sources */,
				08767CA62A5572C500F634D3 /* IlmezdiApp.swift in Sources */,
				08767CD62A57411D00F634D3 /* ProductsGrid.swift in Sources */,
				08767CB92A5576FB00F634D3 /* Cart .swift in Sources */,
				08D3CD0E2A586E9500497C16 /* ProductFull_Ui.swift in Sources */,
				08D3CD102A5B0EF400497C16 /* Product_ImageSlider.swift in Sources */,
				08767CC32A55A9D300F634D3 /* Start Screen.swift in Sources */,
				08767CB72A55758100F634D3 /* heart toglle.swift in Sources */,
				08D3CD062A58128900497C16 /* ProductData.swift in Sources */,
				08F88E3F2A5EA18500BA4C03 /* ProductManageView.swift in Sources */,
				08F88E412A5EAA2900BA4C03 /* NewProductAddView.swift in Sources */,
				08D3CD162A5BFD1200497C16 /* Cart_ViewModel.swift in Sources */,
				08F88E432A5EAA3500BA4C03 /* ProductEditView.swift in Sources */,
				08767CC12A55962600F634D3 /* Product View Tab Bar.swift in Sources */,
				08775F6A2A6D0F0F005247C9 /* AdressForm.swift in Sources */,
				08D3CD142A5BFCED00497C16 /* CartView.swift in Sources */,
				08767CB42A5572F700F634D3 /* Ilmezli logo.swift in Sources */,
				08767CCC2A56BEDD00F634D3 /* ProductPosts_ViewModel.swift in Sources */,
				08767CBB2A557A3E00F634D3 /* SearchBar.swift in Sources */,
				08767CD82A57412D00F634D3 /* ProductsGrid_ViewModel.swift in Sources */,
				08767CCF2A56C0F000F634D3 /* structs.swift in Sources */,
			);
			runOnlyForDeploymentPostprocessing = 0;
		};
/* End PBXSourcesBuildPhase section */

/* Begin XCBuildConfiguration section */
		08767CAE2A5572C700F634D3 /* Debug */ = {
			isa = XCBuildConfiguration;
			buildSettings = {
				ALWAYS_SEARCH_USER_PATHS = NO;
				CLANG_ANALYZER_NONNULL = YES;
				CLANG_ANALYZER_NUMBER_OBJECT_CONVERSION = YES_AGGRESSIVE;
				CLANG_CXX_LANGUAGE_STANDARD = "gnu++20";
				CLANG_ENABLE_MODULES = YES;
				CLANG_ENABLE_OBJC_ARC = YES;
				CLANG_ENABLE_OBJC_WEAK = YES;
				CLANG_WARN_BLOCK_CAPTURE_AUTORELEASING = YES;
				CLANG_WARN_BOOL_CONVERSION = YES;
				CLANG_WARN_COMMA = YES;
				CLANG_WARN_CONSTANT_CONVERSION = YES;
				CLANG_WARN_DEPRECATED_OBJC_IMPLEMENTATIONS = YES;
				CLANG_WARN_DIRECT_OBJC_ISA_USAGE = YES_ERROR;
				CLANG_WARN_DOCUMENTATION_COMMENTS = YES;
				CLANG_WARN_EMPTY_BODY = YES;
				CLANG_WARN_ENUM_CONVERSION = YES;
				CLANG_WARN_INFINITE_RECURSION = YES;
				CLANG_WARN_INT_CONVERSION = YES;
				CLANG_WARN_NON_LITERAL_NULL_CONVERSION = YES;
				CLANG_WARN_OBJC_IMPLICIT_RETAIN_SELF = YES;
				CLANG_WARN_OBJC_LITERAL_CONVERSION = YES;
				CLANG_WARN_OBJC_ROOT_CLASS = YES_ERROR;
				CLANG_WARN_QUOTED_INCLUDE_IN_FRAMEWORK_HEADER = YES;
				CLANG_WARN_RANGE_LOOP_ANALYSIS = YES;
				CLANG_WARN_STRICT_PROTOTYPES = YES;
				CLANG_WARN_SUSPICIOUS_MOVE = YES;
				CLANG_WARN_UNGUARDED_AVAILABILITY = YES_AGGRESSIVE;
				CLANG_WARN_UNREACHABLE_CODE = YES;
				CLANG_WARN__DUPLICATE_METHOD_MATCH = YES;
				COPY_PHASE_STRIP = NO;
				DEBUG_INFORMATION_FORMAT = dwarf;
				ENABLE_STRICT_OBJC_MSGSEND = YES;
				ENABLE_TESTABILITY = YES;
				GCC_C_LANGUAGE_STANDARD = gnu11;
				GCC_DYNAMIC_NO_PIC = NO;
				GCC_NO_COMMON_BLOCKS = YES;
				GCC_OPTIMIZATION_LEVEL = 0;
				GCC_PREPROCESSOR_DEFINITIONS = (
					"DEBUG=1",
					"$(inherited)",
				);
				GCC_WARN_64_TO_32_BIT_CONVERSION = YES;
				GCC_WARN_ABOUT_RETURN_TYPE = YES_ERROR;
				GCC_WARN_UNDECLARED_SELECTOR = YES;
				GCC_WARN_UNINITIALIZED_AUTOS = YES_AGGRESSIVE;
				GCC_WARN_UNUSED_FUNCTION = YES;
				GCC_WARN_UNUSED_VARIABLE = YES;
				IPHONEOS_DEPLOYMENT_TARGET = 16.4;
				MTL_ENABLE_DEBUG_INFO = INCLUDE_SOURCE;
				MTL_FAST_MATH = YES;
				ONLY_ACTIVE_ARCH = YES;
				SDKROOT = iphoneos;
				SWIFT_ACTIVE_COMPILATION_CONDITIONS = DEBUG;
				SWIFT_OPTIMIZATION_LEVEL = "-Onone";
			};
			name = Debug;
		};
		08767CAF2A5572C700F634D3 /* Release */ = {
			isa = XCBuildConfiguration;
			buildSettings = {
				ALWAYS_SEARCH_USER_PATHS = NO;
				CLANG_ANALYZER_NONNULL = YES;
				CLANG_ANALYZER_NUMBER_OBJECT_CONVERSION = YES_AGGRESSIVE;
				CLANG_CXX_LANGUAGE_STANDARD = "gnu++20";
				CLANG_ENABLE_MODULES = YES;
				CLANG_ENABLE_OBJC_ARC = YES;
				CLANG_ENABLE_OBJC_WEAK = YES;
				CLANG_WARN_BLOCK_CAPTURE_AUTORELEASING = YES;
				CLANG_WARN_BOOL_CONVERSION = YES;
				CLANG_WARN_COMMA = YES;
				CLANG_WARN_CONSTANT_CONVERSION = YES;
				CLANG_WARN_DEPRECATED_OBJC_IMPLEMENTATIONS = YES;
				CLANG_WARN_DIRECT_OBJC_ISA_USAGE = YES_ERROR;
				CLANG_WARN_DOCUMENTATION_COMMENTS = YES;
				CLANG_WARN_EMPTY_BODY = YES;
				CLANG_WARN_ENUM_CONVERSION = YES;
				CLANG_WARN_INFINITE_RECURSION = YES;
				CLANG_WARN_INT_CONVERSION = YES;
				CLANG_WARN_NON_LITERAL_NULL_CONVERSION = YES;
				CLANG_WARN_OBJC_IMPLICIT_RETAIN_SELF = YES;
				CLANG_WARN_OBJC_LITERAL_CONVERSION = YES;
				CLANG_WARN_OBJC_ROOT_CLASS = YES_ERROR;
				CLANG_WARN_QUOTED_INCLUDE_IN_FRAMEWORK_HEADER = YES;
				CLANG_WARN_RANGE_LOOP_ANALYSIS = YES;
				CLANG_WARN_STRICT_PROTOTYPES = YES;
				CLANG_WARN_SUSPICIOUS_MOVE = YES;
				CLANG_WARN_UNGUARDED_AVAILABILITY = YES_AGGRESSIVE;
				CLANG_WARN_UNREACHABLE_CODE = YES;
				CLANG_WARN__DUPLICATE_METHOD_MATCH = YES;
				COPY_PHASE_STRIP = NO;
				DEBUG_INFORMATION_FORMAT = "dwarf-with-dsym";
				ENABLE_NS_ASSERTIONS = NO;
				ENABLE_STRICT_OBJC_MSGSEND = YES;
				GCC_C_LANGUAGE_STANDARD = gnu11;
				GCC_NO_COMMON_BLOCKS = YES;
				GCC_WARN_64_TO_32_BIT_CONVERSION = YES;
				GCC_WARN_ABOUT_RETURN_TYPE = YES_ERROR;
				GCC_WARN_UNDECLARED_SELECTOR = YES;
				GCC_WARN_UNINITIALIZED_AUTOS = YES_AGGRESSIVE;
				GCC_WARN_UNUSED_FUNCTION = YES;
				GCC_WARN_UNUSED_VARIABLE = YES;
				IPHONEOS_DEPLOYMENT_TARGET = 16.4;
				MTL_ENABLE_DEBUG_INFO = NO;
				MTL_FAST_MATH = YES;
				SDKROOT = iphoneos;
				SWIFT_COMPILATION_MODE = wholemodule;
				SWIFT_OPTIMIZATION_LEVEL = "-O";
				VALIDATE_PRODUCT = YES;
			};
			name = Release;
		};
		08767CB12A5572C700F634D3 /* Debug */ = {
			isa = XCBuildConfiguration;
			buildSettings = {
				ASSETCATALOG_COMPILER_APPICON_NAME = AppIcon;
				ASSETCATALOG_COMPILER_GLOBAL_ACCENT_COLOR_NAME = AccentColor;
				ASSETCATALOG_COMPILER_INCLUDE_ALL_APPICON_ASSETS = YES;
				CODE_SIGN_ENTITLEMENTS = Ilmezdi/Ilmezdi.entitlements;
				CODE_SIGN_STYLE = Automatic;
				CURRENT_PROJECT_VERSION = 1;
				DEVELOPMENT_ASSET_PATHS = "\"Ilmezdi/Preview Content\"";
				DEVELOPMENT_TEAM = 4NLRT8KSZR;
				ENABLE_PREVIEWS = YES;
				GENERATE_INFOPLIST_FILE = YES;
				INFOPLIST_KEY_NSCameraUsageDescription = "Sekil Cekmek Ucun";
				INFOPLIST_KEY_UIApplicationSceneManifest_Generation = YES;
				INFOPLIST_KEY_UIApplicationSupportsIndirectInputEvents = YES;
				INFOPLIST_KEY_UILaunchScreen_Generation = YES;
				INFOPLIST_KEY_UISupportedInterfaceOrientations = UIInterfaceOrientationPortrait;
				INFOPLIST_KEY_UISupportedInterfaceOrientations_iPad = "UIInterfaceOrientationLandscapeLeft UIInterfaceOrientationLandscapeRight UIInterfaceOrientationPortrait UIInterfaceOrientationPortraitUpsideDown";
				IPHONEOS_DEPLOYMENT_TARGET = 16;
				LD_RUNPATH_SEARCH_PATHS = (
					"$(inherited)",
					"@executable_path/Frameworks",
				);
				MARKETING_VERSION = 1.0;
				PRODUCT_BUNDLE_IDENTIFIER = com.hakimAlyev.Ilmezdi;
				PRODUCT_NAME = "$(TARGET_NAME)";
				SUPPORTED_PLATFORMS = "iphoneos iphonesimulator";
				SUPPORTS_MACCATALYST = NO;
				SUPPORTS_MAC_DESIGNED_FOR_IPHONE_IPAD = NO;
				SWIFT_EMIT_LOC_STRINGS = YES;
				SWIFT_VERSION = 5.0;
				TARGETED_DEVICE_FAMILY = 1;
			};
			name = Debug;
		};
		08767CB22A5572C700F634D3 /* Release */ = {
			isa = XCBuildConfiguration;
			buildSettings = {
				ASSETCATALOG_COMPILER_APPICON_NAME = AppIcon;
				ASSETCATALOG_COMPILER_GLOBAL_ACCENT_COLOR_NAME = AccentColor;
				ASSETCATALOG_COMPILER_INCLUDE_ALL_APPICON_ASSETS = YES;
				CODE_SIGN_ENTITLEMENTS = Ilmezdi/Ilmezdi.entitlements;
				CODE_SIGN_STYLE = Automatic;
				CURRENT_PROJECT_VERSION = 1;
				DEVELOPMENT_ASSET_PATHS = "\"Ilmezdi/Preview Content\"";
				DEVELOPMENT_TEAM = 4NLRT8KSZR;
				ENABLE_PREVIEWS = YES;
				GENERATE_INFOPLIST_FILE = YES;
				INFOPLIST_KEY_NSCameraUsageDescription = "Sekil Cekmek Ucun";
				INFOPLIST_KEY_UIApplicationSceneManifest_Generation = YES;
				INFOPLIST_KEY_UIApplicationSupportsIndirectInputEvents = YES;
				INFOPLIST_KEY_UILaunchScreen_Generation = YES;
				INFOPLIST_KEY_UISupportedInterfaceOrientations = UIInterfaceOrientationPortrait;
				INFOPLIST_KEY_UISupportedInterfaceOrientations_iPad = "UIInterfaceOrientationLandscapeLeft UIInterfaceOrientationLandscapeRight UIInterfaceOrientationPortrait UIInterfaceOrientationPortraitUpsideDown";
				IPHONEOS_DEPLOYMENT_TARGET = 16;
				LD_RUNPATH_SEARCH_PATHS = (
					"$(inherited)",
					"@executable_path/Frameworks",
				);
				MARKETING_VERSION = 1.0;
				PRODUCT_BUNDLE_IDENTIFIER = com.hakimAlyev.Ilmezdi;
				PRODUCT_NAME = "$(TARGET_NAME)";
				SUPPORTED_PLATFORMS = "iphoneos iphonesimulator";
				SUPPORTS_MACCATALYST = NO;
				SUPPORTS_MAC_DESIGNED_FOR_IPHONE_IPAD = NO;
				SWIFT_EMIT_LOC_STRINGS = YES;
				SWIFT_VERSION = 5.0;
				TARGETED_DEVICE_FAMILY = 1;
			};
			name = Release;
		};
/* End XCBuildConfiguration section */

/* Begin XCConfigurationList section */
		08767C9D2A5572C500F634D3 /* Build configuration list for PBXProject "Ilmezdi" */ = {
			isa = XCConfigurationList;
			buildConfigurations = (
				08767CAE2A5572C700F634D3 /* Debug */,
				08767CAF2A5572C700F634D3 /* Release */,
			);
			defaultConfigurationIsVisible = 0;
			defaultConfigurationName = Release;
		};
		08767CB02A5572C700F634D3 /* Build configuration list for PBXNativeTarget "Ilmezdi" */ = {
			isa = XCConfigurationList;
			buildConfigurations = (
				08767CB12A5572C700F634D3 /* Debug */,
				08767CB22A5572C700F634D3 /* Release */,
			);
			defaultConfigurationIsVisible = 0;
			defaultConfigurationName = Release;
		};
/* End XCConfigurationList section */
	};
	rootObject = 08767C9A2A5572C500F634D3 /* Project object */;
}
